
Microsoft Visual Studio Solution File, Format Version 12.00
# Visual Studio Version 16
VisualStudioVersion = 16.0.31321.278
MinimumVisualStudioVersion = 10.0.40219.1
Project("{FAE04EC0-301F-11D3-BF4B-00C04F79EFBC}") = "Cadena", "Cadena\Cadena.csproj", "{3A2C6E54-5088-4A45-98B6-851B63F1148E}"
EndProject
Global
	GlobalSection(SolutionConfigurationPlatforms) = preSolution
		Debug|Any CPU = Debug|Any CPU
		Release|Any CPU = Release|Any CPU
	EndGlobalSection
	GlobalSection(ProjectConfigurationPlatforms) = postSolution
		{3A2C6E54-5088-4A45-98B6-851B63F1148E}.Debug|Any CPU.ActiveCfg = Debug|Any CPU
		{3A2C6E54-5088-4A45-98B6-851B63F1148E}.Debug|Any CPU.Build.0 = Debug|Any CPU
		{3A2C6E54-5088-4A45-98B6-851B63F1148E}.Release|Any CPU.ActiveCfg = Release|Any CPU
		{3A2C6E54-5088-4A45-98B6-851B63F1148E}.Release|Any CPU.Build.0 = Release|Any CPU
	EndGlobalSection
	GlobalSection(SolutionProperties) = preSolution
		HideSolutionNode = FALSE
	EndGlobalSection
	GlobalSection(ExtensibilityGlobals) = postSolution
		SolutionGuid = {47092212-CF4C-4D9D-8887-0F60B50BFA7B}
	EndGlobalSection
EndGlobal
